{"is_source_file": false, "format": "", "description": "", "external_files": [], "external_methods": [], "published": [], "classes": [], "methods": [], "calls": [], "search-terms": [], "state": 2, "file_id": 8, "knowledge_revision": 38, "git_revision": "9f6efa25ee6214c6f4e12cbc7fdba88e8669a564", "revision_history": [{"25": "c3c616f57a0dde21f3a195357a6f3322819a455c"}, {"38": "9f6efa25ee6214c6f4e12cbc7fdba88e8669a564"}], "filename": "/tmp/kavia/workspace/code-generation/tictactoe-classic-125837-df93e0bc/tic_tac_toe/post_process_status.lock", "hash": "e9b4c3b42cef0193b7fddb548d37e652", "format-version": 4, "code-base-name": "default"}